
Microsoft Visual Studio Solution File, Format Version 12.00
Project("{FAE04EC0-301F-11D3-BF4B-00C04F79EFBC}") = "TodoAPI", "TodoAPI\TodoAPI.csproj", "{49D89A2E-484B-4D91-A0CD-8C55E37F280E}"
EndProject
Global
	GlobalSection(SolutionConfigurationPlatforms) = preSolution
		Debug|Any CPU = Debug|Any CPU
		Release|Any CPU = Release|Any CPU
	EndGlobalSection
	GlobalSection(ProjectConfigurationPlatforms) = postSolution
		{49D89A2E-484B-4D91-A0CD-8C55E37F280E}.Debug|Any CPU.ActiveCfg = Debug|Any CPU
		{49D89A2E-484B-4D91-A0CD-8C55E37F280E}.Debug|Any CPU.Build.0 = Debug|Any CPU
		{49D89A2E-484B-4D91-A0CD-8C55E37F280E}.Release|Any CPU.ActiveCfg = Release|Any CPU
		{49D89A2E-484B-4D91-A0CD-8C55E37F280E}.Release|Any CPU.Build.0 = Release|Any CPU
	EndGlobalSection
EndGlobal
